
Microsoft Visual Studio Solution File, Format Version 12.00
# Visual Studio Version 17
VisualStudioVersion = 17.9.34701.34
MinimumVisualStudioVersion = 10.0.40219.1
Project("{FAE04EC0-301F-11D3-BF4B-00C04F79EFBC}") = "Clientes.API", "Clientes.API\Clientes.API.csproj", "{C58BFECA-F8A9-48A2-91CE-E616EED0AA5F}"
EndProject
Project("{FAE04EC0-301F-11D3-BF4B-00C04F79EFBC}") = "GestaoClientes.Domain", "GestaoClientes.Domain\GestaoClientes.Domain.csproj", "{997EB74F-6A0B-40CA-A60B-0335922F28C3}"
EndProject
Project("{FAE04EC0-301F-11D3-BF4B-00C04F79EFBC}") = "GestaoClientes.Application", "GestaoClientes.Application\GestaoClientes.Application.csproj", "{91EF52C0-68E3-44F0-9041-5F22172AD48D}"
EndProject
Project("{FAE04EC0-301F-11D3-BF4B-00C04F79EFBC}") = "GestaoClientes.Infrastructure", "GestaoClientes.Infrastructure\GestaoClientes.Infrastructure.csproj", "{ED5E5C3B-97A1-462D-A346-CFF0FE4657D5}"
EndProject
Project("{FAE04EC0-301F-11D3-BF4B-00C04F79EFBC}") = "GestaoClientes.UnitTests", "GestaoClientes.UnitTests\GestaoClientes.UnitTests.csproj", "{9608C579-91C3-4A42-8EE8-5FCBFEE224F4}"
EndProject
Global
	GlobalSection(SolutionConfigurationPlatforms) = preSolution
		Debug|Any CPU = Debug|Any CPU
		Release|Any CPU = Release|Any CPU
	EndGlobalSection
	GlobalSection(ProjectConfigurationPlatforms) = postSolution
		{C58BFECA-F8A9-48A2-91CE-E616EED0AA5F}.Debug|Any CPU.ActiveCfg = Debug|Any CPU
		{C58BFECA-F8A9-48A2-91CE-E616EED0AA5F}.Debug|Any CPU.Build.0 = Debug|Any CPU
		{C58BFECA-F8A9-48A2-91CE-E616EED0AA5F}.Release|Any CPU.ActiveCfg = Release|Any CPU
		{C58BFECA-F8A9-48A2-91CE-E616EED0AA5F}.Release|Any CPU.Build.0 = Release|Any CPU
		{997EB74F-6A0B-40CA-A60B-0335922F28C3}.Debug|Any CPU.ActiveCfg = Debug|Any CPU
		{997EB74F-6A0B-40CA-A60B-0335922F28C3}.Debug|Any CPU.Build.0 = Debug|Any CPU
		{997EB74F-6A0B-40CA-A60B-0335922F28C3}.Release|Any CPU.ActiveCfg = Release|Any CPU
		{997EB74F-6A0B-40CA-A60B-0335922F28C3}.Release|Any CPU.Build.0 = Release|Any CPU
		{91EF52C0-68E3-44F0-9041-5F22172AD48D}.Debug|Any CPU.ActiveCfg = Debug|Any CPU
		{91EF52C0-68E3-44F0-9041-5F22172AD48D}.Debug|Any CPU.Build.0 = Debug|Any CPU
		{91EF52C0-68E3-44F0-9041-5F22172AD48D}.Release|Any CPU.ActiveCfg = Release|Any CPU
		{91EF52C0-68E3-44F0-9041-5F22172AD48D}.Release|Any CPU.Build.0 = Release|Any CPU
		{ED5E5C3B-97A1-462D-A346-CFF0FE4657D5}.Debug|Any CPU.ActiveCfg = Debug|Any CPU
		{ED5E5C3B-97A1-462D-A346-CFF0FE4657D5}.Debug|Any CPU.Build.0 = Debug|Any CPU
		{ED5E5C3B-97A1-462D-A346-CFF0FE4657D5}.Release|Any CPU.ActiveCfg = Release|Any CPU
		{ED5E5C3B-97A1-462D-A346-CFF0FE4657D5}.Release|Any CPU.Build.0 = Release|Any CPU
		{9608C579-91C3-4A42-8EE8-5FCBFEE224F4}.Debug|Any CPU.ActiveCfg = Debug|Any CPU
		{9608C579-91C3-4A42-8EE8-5FCBFEE224F4}.Debug|Any CPU.Build.0 = Debug|Any CPU
		{9608C579-91C3-4A42-8EE8-5FCBFEE224F4}.Release|Any CPU.ActiveCfg = Release|Any CPU
		{9608C579-91C3-4A42-8EE8-5FCBFEE224F4}.Release|Any CPU.Build.0 = Release|Any CPU
	EndGlobalSection
	GlobalSection(SolutionProperties) = preSolution
		HideSolutionNode = FALSE
	EndGlobalSection
	GlobalSection(ExtensibilityGlobals) = postSolution
		SolutionGuid = {B5819922-26A9-40EA-ABF8-E9AB1C216BD2}
	EndGlobalSection
EndGlobal
